
Microsoft Visual Studio Solution File, Format Version 12.00
# Visual Studio Version 17
VisualStudioVersion = 17.9.34728.123
MinimumVisualStudioVersion = 10.0.40219.1
Project("{9A19103F-16F7-4668-BE54-9A1E7A4F7556}") = "C#2", "C#2\C#2.csproj", "{011CA0FB-1F34-4E58-96ED-D2929DC8F19A}"
EndProject
Global
	GlobalSection(SolutionConfigurationPlatforms) = preSolution
		Debug|Any CPU = Debug|Any CPU
		Release|Any CPU = Release|Any CPU
	EndGlobalSection
	GlobalSection(ProjectConfigurationPlatforms) = postSolution
		{011CA0FB-1F34-4E58-96ED-D2929DC8F19A}.Debug|Any CPU.ActiveCfg = Debug|Any CPU
		{011CA0FB-1F34-4E58-96ED-D2929DC8F19A}.Debug|Any CPU.Build.0 = Debug|Any CPU
		{011CA0FB-1F34-4E58-96ED-D2929DC8F19A}.Release|Any CPU.ActiveCfg = Release|Any CPU
		{011CA0FB-1F34-4E58-96ED-D2929DC8F19A}.Release|Any CPU.Build.0 = Release|Any CPU
	EndGlobalSection
	GlobalSection(SolutionProperties) = preSolution
		HideSolutionNode = FALSE
	EndGlobalSection
	GlobalSection(ExtensibilityGlobals) = postSolution
		SolutionGuid = {D3095959-299C-455A-91C4-6F4DF92F73B0}
	EndGlobalSection
EndGlobal
